
Microsoft Visual Studio Solution File, Format Version 12.00
# Visual Studio 14
VisualStudioVersion = 14.0.22310.1
MinimumVisualStudioVersion = 10.0.40219.1
Project("{2150E333-8FDC-42A3-9474-1A3956D46DE8}") = "Engine", "Engine", "{234D0A37-19F4-4F58-A245-173935C97730}"
EndProject
Project("{2150E333-8FDC-42A3-9474-1A3956D46DE8}") = "Games", "Games", "{D3C3509F-DD2A-4EB5-8BD1-8C3C8CA20148}"
EndProject
Project("{8BC9CEB8-8B4A-11D0-8D11-00A0C91BC942}") = "UE4", "Intermediate\ProjectFiles\UE4.vcxproj", "{65C72D42-02DD-492B-B0D0-09B8BE9B1504}"
EndProject
Project("{8BC9CEB8-8B4A-11D0-8D11-00A0C91BC942}") = "Wizard", "Intermediate\ProjectFiles\Wizard.vcxproj", "{0217F4C3-ACD7-434F-821A-DFD86262D2E9}"
EndProject
Global
	GlobalSection(SolutionConfigurationPlatforms) = preSolution
		DebugGame Editor|HTML5 = DebugGame Editor|HTML5
		DebugGame Editor|Win32 = DebugGame Editor|Win32
		DebugGame Editor|Win64 = DebugGame Editor|Win64
		DebugGame|HTML5 = DebugGame|HTML5
		DebugGame|Win32 = DebugGame|Win32
		DebugGame|Win64 = DebugGame|Win64
		Development Editor|HTML5 = Development Editor|HTML5
		Development Editor|Win32 = Development Editor|Win32
		Development Editor|Win64 = Development Editor|Win64
		Development|HTML5 = Development|HTML5
		Development|Win32 = Development|Win32
		Development|Win64 = Development|Win64
		Shipping|HTML5 = Shipping|HTML5
		Shipping|Win32 = Shipping|Win32
		Shipping|Win64 = Shipping|Win64
	EndGlobalSection
	GlobalSection(ProjectConfigurationPlatforms) = postSolution
		{0217F4C3-ACD7-434F-821A-DFD86262D2E9}.DebugGame Editor|HTML5.ActiveCfg = HTML5_DebugGame_Editor|Win32
		{0217F4C3-ACD7-434F-821A-DFD86262D2E9}.DebugGame Editor|Win32.ActiveCfg = DebugGame_Editor|Win32
		{0217F4C3-ACD7-434F-821A-DFD86262D2E9}.DebugGame Editor|Win64.ActiveCfg = DebugGame_Editor|x64
		{0217F4C3-ACD7-434F-821A-DFD86262D2E9}.DebugGame Editor|Win64.Build.0 = DebugGame_Editor|x64
		{0217F4C3-ACD7-434F-821A-DFD86262D2E9}.DebugGame|HTML5.ActiveCfg = HTML5_DebugGame_Game|Win32
		{0217F4C3-ACD7-434F-821A-DFD86262D2E9}.DebugGame|HTML5.Build.0 = HTML5_DebugGame_Game|Win32
		{0217F4C3-ACD7-434F-821A-DFD86262D2E9}.DebugGame|Win32.ActiveCfg = DebugGame_Game|Win32
		{0217F4C3-ACD7-434F-821A-DFD86262D2E9}.DebugGame|Win32.Build.0 = DebugGame_Game|Win32
		{0217F4C3-ACD7-434F-821A-DFD86262D2E9}.DebugGame|Win64.ActiveCfg = DebugGame_Game|x64
		{0217F4C3-ACD7-434F-821A-DFD86262D2E9}.DebugGame|Win64.Build.0 = DebugGame_Game|x64
		{0217F4C3-ACD7-434F-821A-DFD86262D2E9}.Development Editor|HTML5.ActiveCfg = HTML5_Development_Editor|Win32
		{0217F4C3-ACD7-434F-821A-DFD86262D2E9}.Development Editor|Win32.ActiveCfg = Development_Editor|Win32
		{0217F4C3-ACD7-434F-821A-DFD86262D2E9}.Development Editor|Win64.ActiveCfg = Development_Editor|x64
		{0217F4C3-ACD7-434F-821A-DFD86262D2E9}.Development Editor|Win64.Build.0 = Development_Editor|x64
		{0217F4C3-ACD7-434F-821A-DFD86262D2E9}.Development|HTML5.ActiveCfg = HTML5_Development_Game|Win32
		{0217F4C3-ACD7-434F-821A-DFD86262D2E9}.Development|HTML5.Build.0 = HTML5_Development_Game|Win32
		{0217F4C3-ACD7-434F-821A-DFD86262D2E9}.Development|Win32.ActiveCfg = Development_Game|Win32
		{0217F4C3-ACD7-434F-821A-DFD86262D2E9}.Development|Win32.Build.0 = Development_Game|Win32
		{0217F4C3-ACD7-434F-821A-DFD86262D2E9}.Development|Win64.ActiveCfg = Development_Game|x64
		{0217F4C3-ACD7-434F-821A-DFD86262D2E9}.Development|Win64.Build.0 = Development_Game|x64
		{0217F4C3-ACD7-434F-821A-DFD86262D2E9}.Shipping|HTML5.ActiveCfg = HTML5_Shipping_Game|Win32
		{0217F4C3-ACD7-434F-821A-DFD86262D2E9}.Shipping|HTML5.Build.0 = HTML5_Shipping_Game|Win32
		{0217F4C3-ACD7-434F-821A-DFD86262D2E9}.Shipping|Win32.ActiveCfg = Shipping_Game|Win32
		{0217F4C3-ACD7-434F-821A-DFD86262D2E9}.Shipping|Win32.Build.0 = Shipping_Game|Win32
		{0217F4C3-ACD7-434F-821A-DFD86262D2E9}.Shipping|Win64.ActiveCfg = Shipping_Game|x64
		{0217F4C3-ACD7-434F-821A-DFD86262D2E9}.Shipping|Win64.Build.0 = Shipping_Game|x64
	EndGlobalSection
	GlobalSection(SolutionProperties) = preSolution
		HideSolutionNode = FALSE
	EndGlobalSection
	GlobalSection(NestedProjects) = preSolution
		{65C72D42-02DD-492B-B0D0-09B8BE9B1504} = {234D0A37-19F4-4F58-A245-173935C97730}
		{0217F4C3-ACD7-434F-821A-DFD86262D2E9} = {D3C3509F-DD2A-4EB5-8BD1-8C3C8CA20148}
	EndGlobalSection
EndGlobal
